// !$*UTF8*$!
{
	archiveVersion = 1;
	classes = {
	};
	objectVersion = 48;
	objects = {

/* Begin PBXBuildFile section */
		4C8646FA20EB5560000E0510 /* main.m in Sources */ = {isa = PBXBuildFile; fileRef = 4C8646F920EB5560000E0510 /* main.m */; };
		4C86470220EB5588000E0510 /* Animate.m in Sources */ = {isa = PBXBuildFile; fileRef = 4C86470120EB5588000E0510 /* Animate.m */; };
		4C86470D20EDDBB9000E0510 /* Plant.m in Sources */ = {isa = PBXBuildFile; fileRef = 4C86470C20EDDBB9000E0510 /* Plant.m */; };
/* End PBXBuildFile section */

/* Begin PBXCopyFilesBuildPhase section */
		4C8646F420EB5560000E0510 /* CopyFiles */ = {
			isa = PBXCopyFilesBuildPhase;
			buildActionMask = 2147483647;
			dstPath = /usr/share/man/man1/;
			dstSubfolderSpec = 0;
			files = (
			);
			runOnlyForDeploymentPostprocessing = 1;
		};
/* End PBXCopyFilesBuildPhase section */

/* Begin PBXFileReference section */
		4C8646F620EB5560000E0510 /* KVC_Demo */ = {isa = PBXFileReference; explicitFileType = "compiled.mach-o.executable"; includeInIndex = 0; path = KVC_Demo; sourceTree = BUILT_PRODUCTS_DIR; };
		4C8646F920EB5560000E0510 /* main.m */ = {isa = PBXFileReference; lastKnownFileType = sourcecode.c.objc; path = main.m; sourceTree = "<group>"; };
		4C86470020EB5588000E0510 /* Animate.h */ = {isa = PBXFileReference; lastKnownFileType = sourcecode.c.h; path = Animate.h; sourceTree = "<group>"; };
		4C86470120EB5588000E0510 /* Animate.m */ = {isa = PBXFileReference; lastKnownFileType = sourcecode.c.objc; path = Animate.m; sourceTree = "<group>"; };
		4C86470B20EDDBB9000E0510 /* Plant.h */ = {isa = PBXFileReference; lastKnownFileType = sourcecode.c.h; path = Plant.h; sourceTree = "<group>"; };
		4C86470C20EDDBB9000E0510 /* Plant.m */ = {isa = PBXFileReference; lastKnownFileType = sourcecode.c.objc; path = Plant.m; sourceTree = "<group>"; };
/* End PBXFileReference section */

/* Begin PBXFrameworksBuildPhase section */
		4C8646F320EB5560000E0510 /* Frameworks */ = {
			isa = PBXFrameworksBuildPhase;
			buildActionMask = 2147483647;
			files = (
			);
			runOnlyForDeploymentPostprocessing = 0;
		};
/* End PBXFrameworksBuildPhase section */

/* Begin PBXGroup section */
		4C8646ED20EB5560000E0510 = {
			isa = PBXGroup;
			children = (
				4C8646F820EB5560000E0510 /* KVC_Demo */,
				4C8646F720EB5560000E0510 /* Products */,
			);
			sourceTree = "<group>";
		};
		4C8646F720EB5560000E0510 /* Products */ = {
			isa = PBXGroup;
			children = (
				4C8646F620EB5560000E0510 /* KVC_Demo */,
			);
			name = Products;
			sourceTree = "<group>";
		};
		4C8646F820EB5560000E0510 /* KVC_Demo */ = {
			isa = PBXGroup;
			children = (
				4C8646F920EB5560000E0510 /* main.m */,
				4C86470020EB5588000E0510 /* Animate.h */,
				4C86470120EB5588000E0510 /* Animate.m */,
				4C86470B20EDDBB9000E0510 /* Plant.h */,
				4C86470C20EDDBB9000E0510 /* Plant.m */,
			);
			path = KVC_Demo;
			sourceTree = "<group>";
		};
/* End PBXGroup section */

/* Begin PBXNativeTarget section */
		4C8646F520EB5560000E0510 /* KVC_Demo */ = {
			isa = PBXNativeTarget;
			buildConfigurationList = 4C8646FD20EB5560000E0510 /* Build configuration list for PBXNativeTarget "KVC_Demo" */;
			buildPhases = (
				4C8646F220EB5560000E0510 /* Sources */,
				4C8646F320EB5560000E0510 /* Frameworks */,
				4C8646F420EB5560000E0510 /* CopyFiles */,
			);
			buildRules = (
			);
			dependencies = (
			);
			name = KVC_Demo;
			productName = KVC_Demo;
			productReference = 4C8646F620EB5560000E0510 /* KVC_Demo */;
			productType = "com.apple.product-type.tool";
		};
/* End PBXNativeTarget section */

/* Begin PBXProject section */
		4C8646EE20EB5560000E0510 /* Project object */ = {
			isa = PBXProject;
			attributes = {
				LastUpgradeCheck = 0920;
				ORGANIZATIONNAME = lingtuan;
				TargetAttributes = {
					4C8646F520EB5560000E0510 = {
						CreatedOnToolsVersion = 9.2;
						ProvisioningStyle = Automatic;
					};
				};
			};
			buildConfigurationList = 4C8646F120EB5560000E0510 /* Build configuration list for PBXProject "KVC_Demo" */;
			compatibilityVersion = "Xcode 8.0";
			developmentRegion = en;
			hasScannedForEncodings = 0;
			knownRegions = (
				en,
			);
			mainGroup = 4C8646ED20EB5560000E0510;
			productRefGroup = 4C8646F720EB5560000E0510 /* Products */;
			projectDirPath = "";
			projectRoot = "";
			targets = (
				4C8646F520EB5560000E0510 /* KVC_Demo */,
			);
		};
/* End PBXProject section */

/* Begin PBXSourcesBuildPhase section */
		4C8646F220EB5560000E0510 /* Sources */ = {
			isa = PBXSourcesBuildPhase;
			buildActionMask = 2147483647;
			files = (
				4C86470D20EDDBB9000E0510 /* Plant.m in Sources */,
				4C8646FA20EB5560000E0510 /* main.m in Sources */,
				4C86470220EB5588000E0510 /* Animate.m in Sources */,
			);
			runOnlyForDeploymentPostprocessing = 0;
		};
/* End PBXSourcesBuildPhase section */

/* Begin XCBuildConfiguration section */
		4C8646FB20EB5560000E0510 /* Debug */ = {
			isa = XCBuildConfiguration;
			buildSettings = {
				ALWAYS_SEARCH_USER_PATHS = NO;
				CLANG_ANALYZER_NONNULL = YES;
				CLANG_ANALYZER_NUMBER_OBJECT_CONVERSION = YES_AGGRESSIVE;
				CLANG_CXX_LANGUAGE_STANDARD = "gnu++14";
				CLANG_CXX_LIBRARY = "libc++";
				CLANG_ENABLE_MODULES = YES;
				CLANG_ENABLE_OBJC_ARC = YES;
				CLANG_WARN_BLOCK_CAPTURE_AUTORELEASING = YES;
				CLANG_WARN_BOOL_CONVERSION = YES;
				CLANG_WARN_COMMA = YES;
				CLANG_WARN_CONSTANT_CONVERSION = YES;
				CLANG_WARN_DIRECT_OBJC_ISA_USAGE = YES_ERROR;
				CLANG_WARN_DOCUMENTATION_COMMENTS = YES;
				CLANG_WARN_EMPTY_BODY = YES;
				CLANG_WARN_ENUM_CONVERSION = YES;
				CLANG_WARN_INFINITE_RECURSION = YES;
				CLANG_WARN_INT_CONVERSION = YES;
				CLANG_WARN_NON_LITERAL_NULL_CONVERSION = YES;
				CLANG_WARN_OBJC_LITERAL_CONVERSION = YES;
				CLANG_WARN_OBJC_ROOT_CLASS = YES_ERROR;
				CLANG_WARN_RANGE_LOOP_ANALYSIS = YES;
				CLANG_WARN_STRICT_PROTOTYPES = YES;
				CLANG_WARN_SUSPICIOUS_MOVE = YES;
				CLANG_WARN_UNGUARDED_AVAILABILITY = YES_AGGRESSIVE;
				CLANG_WARN_UNREACHABLE_CODE = YES;
				CLANG_WARN__DUPLICATE_METHOD_MATCH = YES;
				CODE_SIGN_IDENTITY = "-";
				COPY_PHASE_STRIP = NO;
				DEBUG_INFORMATION_FORMAT = dwarf;
				ENABLE_STRICT_OBJC_MSGSEND = YES;
				ENABLE_TESTABILITY = YES;
				GCC_C_LANGUAGE_STANDARD = gnu11;
				GCC_DYNAMIC_NO_PIC = NO;
				GCC_NO_COMMON_BLOCKS = YES;
				GCC_OPTIMIZATION_LEVEL = 0;
				GCC_PREPROCESSOR_DEFINITIONS = (
					"DEBUG=1",
					"$(inherited)",
				);
				GCC_WARN_64_TO_32_BIT_CONVERSION = YES;
				GCC_WARN_ABOUT_RETURN_TYPE = YES_ERROR;
				GCC_WARN_UNDECLARED_SELECTOR = YES;
				GCC_WARN_UNINITIALIZED_AUTOS = YES_AGGRESSIVE;
				GCC_WARN_UNUSED_FUNCTION = YES;
				GCC_WARN_UNUSED_VARIABLE = YES;
				MACOSX_DEPLOYMENT_TARGET = 10.12;
				MTL_ENABLE_DEBUG_INFO = YES;
				ONLY_ACTIVE_ARCH = YES;
				SDKROOT = macosx;
			};
			name = Debug;
		};
		4C8646FC20EB5560000E0510 /* Release */ = {
			isa = XCBuildConfiguration;
			buildSettings = {
				ALWAYS_SEARCH_USER_PATHS = NO;
				CLANG_ANALYZER_NONNULL = YES;
				CLANG_ANALYZER_NUMBER_OBJECT_CONVERSION = YES_AGGRESSIVE;
				CLANG_CXX_LANGUAGE_STANDARD = "gnu++14";
				CLANG_CXX_LIBRARY = "libc++";
				CLANG_ENABLE_MODULES = YES;
				CLANG_ENABLE_OBJC_ARC = YES;
				CLANG_WARN_BLOCK_CAPTURE_AUTORELEASING = YES;
				CLANG_WARN_BOOL_CONVERSION = YES;
				CLANG_WARN_COMMA = YES;
				CLANG_WARN_CONSTANT_CONVERSION = YES;
				CLANG_WARN_DIRECT_OBJC_ISA_USAGE = YES_ERROR;
				CLANG_WARN_DOCUMENTATION_COMMENTS = YES;
				CLANG_WARN_EMPTY_BODY = YES;
				CLANG_WARN_ENUM_CONVERSION = YES;
				CLANG_WARN_INFINITE_RECURSION = YES;
				CLANG_WARN_INT_CONVERSION = YES;
				CLANG_WARN_NON_LITERAL_NULL_CONVERSION = YES;
				CLANG_WARN_OBJC_LITERAL_CONVERSION = YES;
				CLANG_WARN_OBJC_ROOT_CLASS = YES_ERROR;
				CLANG_WARN_RANGE_LOOP_ANALYSIS = YES;
				CLANG_WARN_STRICT_PROTOTYPES = YES;
				CLANG_WARN_SUSPICIOUS_MOVE = YES;
				CLANG_WARN_UNGUARDED_AVAILABILITY = YES_AGGRESSIVE;
				CLANG_WARN_UNREACHABLE_CODE = YES;
				CLANG_WARN__DUPLICATE_METHOD_MATCH = YES;
				CODE_SIGN_IDENTITY = "-";
				COPY_PHASE_STRIP = NO;
				DEBUG_INFORMATION_FORMAT = "dwarf-with-dsym";
				ENABLE_NS_ASSERTIONS = NO;
				ENABLE_STRICT_OBJC_MSGSEND = YES;
				GCC_C_LANGUAGE_STANDARD = gnu11;
				GCC_NO_COMMON_BLOCKS = YES;
				GCC_WARN_64_TO_32_BIT_CONVERSION = YES;
				GCC_WARN_ABOUT_RETURN_TYPE = YES_ERROR;
				GCC_WARN_UNDECLARED_SELECTOR = YES;
				GCC_WARN_UNINITIALIZED_AUTOS = YES_AGGRESSIVE;
				GCC_WARN_UNUSED_FUNCTION = YES;
				GCC_WARN_UNUSED_VARIABLE = YES;
				MACOSX_DEPLOYMENT_TARGET = 10.12;
				MTL_ENABLE_DEBUG_INFO = NO;
				SDKROOT = macosx;
			};
			name = Release;
		};
		4C8646FE20EB5560000E0510 /* Debug */ = {
			isa = XCBuildConfiguration;
			buildSettings = {
				CODE_SIGN_STYLE = Automatic;
				PRODUCT_NAME = "$(TARGET_NAME)";
			};
			name = Debug;
		};
		4C8646FF20EB5560000E0510 /* Release */ = {
			isa = XCBuildConfiguration;
			buildSettings = {
				CODE_SIGN_STYLE = Automatic;
				PRODUCT_NAME = "$(TARGET_NAME)";
			};
			name = Release;
		};
/* End XCBuildConfiguration section */

/* Begin XCConfigurationList section */
		4C8646F120EB5560000E0510 /* Build configuration list for PBXProject "KVC_Demo" */ = {
			isa = XCConfigurationList;
			buildConfigurations = (
				4C8646FB20EB5560000E0510 /* Debug */,
				4C8646FC20EB5560000E0510 /* Release */,
			);
			defaultConfigurationIsVisible = 0;
			defaultConfigurationName = Release;
		};
		4C8646FD20EB5560000E0510 /* Build configuration list for PBXNativeTarget "KVC_Demo" */ = {
			isa = XCConfigurationList;
			buildConfigurations = (
				4C8646FE20EB5560000E0510 /* Debug */,
				4C8646FF20EB5560000E0510 /* Release */,
			);
			defaultConfigurationIsVisible = 0;
			defaultConfigurationName = Release;
		};
/* End XCConfigurationList section */
	};
	rootObject = 4C8646EE20EB5560000E0510 /* Project object */;
}
